{
  "name": "musicdemo",
  "version": "1.0.0",
  "lockfileVersion": 2,
  "requires": true,
  "packages": {
    "": {
      "name": "musicdemo",
      "version": "1.0.0",
      "license": "ISC",
      "dependencies": {
        "@vant/weapp": "^1.10.3",
        "hy-event-store": "^1.2.0"
      }
    },
    "node_modules/@vant/weapp": {
      "version": "1.10.3",
      "resolved": "https://registry.npmmirror.com/@vant/weapp/-/weapp-1.10.3.tgz",
      "integrity": "sha512-CcG5umI+zlJRN6hQXPeknOenPkVm6WBEgBaB6Y94kOmKLx9NHtHBdURwxuJEA4q4mxhUdOuf6sV7I8tZBnCVxw=="
    },
    "node_modules/hy-event-store": {
      "version": "1.2.0",
      "resolved": "https://registry.npmmirror.com/hy-event-store/-/hy-event-store-1.2.0.tgz",
      "integrity": "sha512-hLBbZc8t30QaquQRK04SSlFRyPuCsOUSYL8cXGOgrcv6zExsvW+TZiOB/7SKaiGE9pYKZigi3CubmCeSmVDPaw=="
    }
  },
  "dependencies": {
    "@vant/weapp": {
      "version": "1.10.3",
      "resolved": "https://registry.npmmirror.com/@vant/weapp/-/weapp-1.10.3.tgz",
      "integrity": "sha512-CcG5umI+zlJRN6hQXPeknOenPkVm6WBEgBaB6Y94kOmKLx9NHtHBdURwxuJEA4q4mxhUdOuf6sV7I8tZBnCVxw=="
    },
    "hy-event-store": {
      "version": "1.2.0",
      "resolved": "https://registry.npmmirror.com/hy-event-store/-/hy-event-store-1.2.0.tgz",
      "integrity": "sha512-hLBbZc8t30QaquQRK04SSlFRyPuCsOUSYL8cXGOgrcv6zExsvW+TZiOB/7SKaiGE9pYKZigi3CubmCeSmVDPaw=="
    }
  }
}
